
Microsoft Visual Studio Solution File, Format Version 12.00
# Visual Studio Version 17
VisualStudioVersion = 17.4.33205.214
MinimumVisualStudioVersion = 10.0.40219.1
Project("{FAE04EC0-301F-11D3-BF4B-00C04F79EFBC}") = "oop3", "oop3\oop3.csproj", "{4A93F648-6AFC-4786-A510-64E76FDD808C}"
EndProject
Global
	GlobalSection(SolutionConfigurationPlatforms) = preSolution
		Debug|Any CPU = Debug|Any CPU
		Release|Any CPU = Release|Any CPU
	EndGlobalSection
	GlobalSection(ProjectConfigurationPlatforms) = postSolution
		{4A93F648-6AFC-4786-A510-64E76FDD808C}.Debug|Any CPU.ActiveCfg = Debug|Any CPU
		{4A93F648-6AFC-4786-A510-64E76FDD808C}.Debug|Any CPU.Build.0 = Debug|Any CPU
		{4A93F648-6AFC-4786-A510-64E76FDD808C}.Release|Any CPU.ActiveCfg = Release|Any CPU
		{4A93F648-6AFC-4786-A510-64E76FDD808C}.Release|Any CPU.Build.0 = Release|Any CPU
	EndGlobalSection
	GlobalSection(SolutionProperties) = preSolution
		HideSolutionNode = FALSE
	EndGlobalSection
	GlobalSection(ExtensibilityGlobals) = postSolution
		SolutionGuid = {CB2B408F-D0DF-4346-8235-552F917A1AF7}
	EndGlobalSection
EndGlobal
